
Microsoft Visual Studio Solution File, Format Version 12.00
# Visual Studio Version 16
VisualStudioVersion = 16.0.31624.102
MinimumVisualStudioVersion = 10.0.40219.1
Project("{8BC9CEB8-8B4A-11D0-8D11-00A0C91BC942}") = "Labor3", "Labor3\Labor3.vcxproj", "{CF82D9A8-6C94-4368-9FD1-229CFEA3D101}"
EndProject
Global
	GlobalSection(SolutionConfigurationPlatforms) = preSolution
		Debug|x64 = Debug|x64
		Debug|x86 = Debug|x86
		Release|x64 = Release|x64
		Release|x86 = Release|x86
	EndGlobalSection
	GlobalSection(ProjectConfigurationPlatforms) = postSolution
		{CF82D9A8-6C94-4368-9FD1-229CFEA3D101}.Debug|x64.ActiveCfg = Debug|x64
		{CF82D9A8-6C94-4368-9FD1-229CFEA3D101}.Debug|x64.Build.0 = Debug|x64
		{CF82D9A8-6C94-4368-9FD1-229CFEA3D101}.Debug|x86.ActiveCfg = Debug|Win32
		{CF82D9A8-6C94-4368-9FD1-229CFEA3D101}.Debug|x86.Build.0 = Debug|Win32
		{CF82D9A8-6C94-4368-9FD1-229CFEA3D101}.Release|x64.ActiveCfg = Release|x64
		{CF82D9A8-6C94-4368-9FD1-229CFEA3D101}.Release|x64.Build.0 = Release|x64
		{CF82D9A8-6C94-4368-9FD1-229CFEA3D101}.Release|x86.ActiveCfg = Release|Win32
		{CF82D9A8-6C94-4368-9FD1-229CFEA3D101}.Release|x86.Build.0 = Release|Win32
	EndGlobalSection
	GlobalSection(SolutionProperties) = preSolution
		HideSolutionNode = FALSE
	EndGlobalSection
	GlobalSection(ExtensibilityGlobals) = postSolution
		SolutionGuid = {7ECD468B-B7B1-4A1E-A551-825F91110AC5}
	EndGlobalSection
EndGlobal
